
Microsoft Visual Studio Solution File, Format Version 12.00
# Visual Studio Version 17
VisualStudioVersion = 17.7.34221.43
MinimumVisualStudioVersion = 10.0.40219.1
Project("{9A19103F-16F7-4668-BE54-9A1E7A4F7556}") = "Finallib", "Finallib.csproj", "{298D71F0-E46F-468E-BFC1-5F713AAF3172}"
EndProject
Project("{9A19103F-16F7-4668-BE54-9A1E7A4F7556}") = "FinalApp", "..\projeApp5\FinalApp.csproj", "{F5DAA201-93B0-407A-9971-A780708A06B9}"
EndProject
Global
	GlobalSection(SolutionConfigurationPlatforms) = preSolution
		Debug|Any CPU = Debug|Any CPU
		Release|Any CPU = Release|Any CPU
	EndGlobalSection
	GlobalSection(ProjectConfigurationPlatforms) = postSolution
		{298D71F0-E46F-468E-BFC1-5F713AAF3172}.Debug|Any CPU.ActiveCfg = Debug|Any CPU
		{298D71F0-E46F-468E-BFC1-5F713AAF3172}.Debug|Any CPU.Build.0 = Debug|Any CPU
		{298D71F0-E46F-468E-BFC1-5F713AAF3172}.Release|Any CPU.ActiveCfg = Release|Any CPU
		{298D71F0-E46F-468E-BFC1-5F713AAF3172}.Release|Any CPU.Build.0 = Release|Any CPU
		{F5DAA201-93B0-407A-9971-A780708A06B9}.Debug|Any CPU.ActiveCfg = Debug|Any CPU
		{F5DAA201-93B0-407A-9971-A780708A06B9}.Debug|Any CPU.Build.0 = Debug|Any CPU
		{F5DAA201-93B0-407A-9971-A780708A06B9}.Release|Any CPU.ActiveCfg = Release|Any CPU
		{F5DAA201-93B0-407A-9971-A780708A06B9}.Release|Any CPU.Build.0 = Release|Any CPU
	EndGlobalSection
	GlobalSection(SolutionProperties) = preSolution
		HideSolutionNode = FALSE
	EndGlobalSection
	GlobalSection(ExtensibilityGlobals) = postSolution
		SolutionGuid = {D505B73E-19AE-4D2B-918E-85A06464FC60}
	EndGlobalSection
EndGlobal
